
Microsoft Visual Studio Solution File, Format Version 12.00
# Visual Studio Version 17
VisualStudioVersion = 17.10.34928.147
MinimumVisualStudioVersion = 10.0.40219.1
Project("{FAE04EC0-301F-11D3-BF4B-00C04F79EFBC}") = "Dorisoy.RippleAnimation", "Dorisoy.RippleAnimation.csproj", "{D8460710-BC89-4D05-B571-2261C5D2BECD}"
EndProject
Global
	GlobalSection(SolutionConfigurationPlatforms) = preSolution
		Debug|Any CPU = Debug|Any CPU
		Release|Any CPU = Release|Any CPU
	EndGlobalSection
	GlobalSection(ProjectConfigurationPlatforms) = postSolution
		{D8460710-BC89-4D05-B571-2261C5D2BECD}.Debug|Any CPU.ActiveCfg = Debug|Any CPU
		{D8460710-BC89-4D05-B571-2261C5D2BECD}.Debug|Any CPU.Build.0 = Debug|Any CPU
		{D8460710-BC89-4D05-B571-2261C5D2BECD}.Debug|Any CPU.Deploy.0 = Debug|Any CPU
		{D8460710-BC89-4D05-B571-2261C5D2BECD}.Release|Any CPU.ActiveCfg = Release|Any CPU
		{D8460710-BC89-4D05-B571-2261C5D2BECD}.Release|Any CPU.Build.0 = Release|Any CPU
		{D8460710-BC89-4D05-B571-2261C5D2BECD}.Release|Any CPU.Deploy.0 = Release|Any CPU
	EndGlobalSection
	GlobalSection(SolutionProperties) = preSolution
		HideSolutionNode = FALSE
	EndGlobalSection
	GlobalSection(ExtensibilityGlobals) = postSolution
		SolutionGuid = {5837C14D-41D2-4DD5-A0B3-B2C5456C532F}
	EndGlobalSection
EndGlobal
